
Microsoft Visual Studio Solution File, Format Version 12.00
# Visual Studio Express 2013 for Windows Desktop
VisualStudioVersion = 12.0.30723.0
MinimumVisualStudioVersion = 10.0.40219.1
Project("{FAE04EC0-301F-11D3-BF4B-00C04F79EFBC}") = "01-02-03-Space3D", "Static-Members-Namespaces-Homework\01-02-03-Space3D.csproj", "{8B474D96-2DE8-423B-B23E-E49B91411C1E}"
EndProject
Project("{FAE04EC0-301F-11D3-BF4B-00C04F79EFBC}") = "04-HTML-Dispatcher", "04-HTML-Dispatcher\04-HTML-Dispatcher.csproj", "{75289D23-FA76-4F3F-943E-B6B7AA4FCEA3}"
EndProject
Project("{FAE04EC0-301F-11D3-BF4B-00C04F79EFBC}") = "06-Namespaces", "06-Namespaces\06-Namespaces.csproj", "{05BE3D4C-F240-44EB-93B2-3619F3EFFAA8}"
EndProject
Global
	GlobalSection(SolutionConfigurationPlatforms) = preSolution
		Debug|Any CPU = Debug|Any CPU
		Release|Any CPU = Release|Any CPU
	EndGlobalSection
	GlobalSection(ProjectConfigurationPlatforms) = postSolution
		{8B474D96-2DE8-423B-B23E-E49B91411C1E}.Debug|Any CPU.ActiveCfg = Debug|Any CPU
		{8B474D96-2DE8-423B-B23E-E49B91411C1E}.Debug|Any CPU.Build.0 = Debug|Any CPU
		{8B474D96-2DE8-423B-B23E-E49B91411C1E}.Release|Any CPU.ActiveCfg = Release|Any CPU
		{8B474D96-2DE8-423B-B23E-E49B91411C1E}.Release|Any CPU.Build.0 = Release|Any CPU
		{75289D23-FA76-4F3F-943E-B6B7AA4FCEA3}.Debug|Any CPU.ActiveCfg = Debug|Any CPU
		{75289D23-FA76-4F3F-943E-B6B7AA4FCEA3}.Debug|Any CPU.Build.0 = Debug|Any CPU
		{75289D23-FA76-4F3F-943E-B6B7AA4FCEA3}.Release|Any CPU.ActiveCfg = Release|Any CPU
		{75289D23-FA76-4F3F-943E-B6B7AA4FCEA3}.Release|Any CPU.Build.0 = Release|Any CPU
		{05BE3D4C-F240-44EB-93B2-3619F3EFFAA8}.Debug|Any CPU.ActiveCfg = Debug|Any CPU
		{05BE3D4C-F240-44EB-93B2-3619F3EFFAA8}.Debug|Any CPU.Build.0 = Debug|Any CPU
		{05BE3D4C-F240-44EB-93B2-3619F3EFFAA8}.Release|Any CPU.ActiveCfg = Release|Any CPU
		{05BE3D4C-F240-44EB-93B2-3619F3EFFAA8}.Release|Any CPU.Build.0 = Release|Any CPU
	EndGlobalSection
	GlobalSection(SolutionProperties) = preSolution
		HideSolutionNode = FALSE
	EndGlobalSection
EndGlobal
