
Microsoft Visual Studio Solution File, Format Version 12.00
# Visual Studio Express 2013 for Windows Desktop
VisualStudioVersion = 12.0.21005.1
MinimumVisualStudioVersion = 10.0.40219.1
Project("{FAE04EC0-301F-11D3-BF4B-00C04F79EFBC}") = "01.Exchange-if-Greater", "01.Exchange-if-Greater\01.Exchange-if-Greater.csproj", "{1C10678E-8DF0-48FB-93D8-A022050C77DF}"
EndProject
Project("{FAE04EC0-301F-11D3-BF4B-00C04F79EFBC}") = "02.Bonus-Score", "02.Bonus-Score\02.Bonus-Score.csproj", "{956B8BA0-0442-4F65-B01C-75BACCB39316}"
EndProject
Project("{FAE04EC0-301F-11D3-BF4B-00C04F79EFBC}") = "03.Check-Play-Card", "03.Check-Play-Card\03.Check-Play-Card.csproj", "{9566B9C1-EAD4-4315-810C-34401E4441A2}"
EndProject
Project("{FAE04EC0-301F-11D3-BF4B-00C04F79EFBC}") = "04.Multiplication-Sign", "04.Multiplication-Sign\04.Multiplication-Sign.csproj", "{BC7382AA-86C9-417C-9732-F8FC8DECAE7C}"
EndProject
Project("{FAE04EC0-301F-11D3-BF4B-00C04F79EFBC}") = "05.Biggest-of-3-Numbers", "05.Biggest-of-3-Numbers\05.Biggest-of-3-Numbers.csproj", "{6B1CC3C7-C053-47CA-8064-8E1A03D35DCE}"
EndProject
Project("{FAE04EC0-301F-11D3-BF4B-00C04F79EFBC}") = "06.Biggest-of-5-Numbers", "06.Biggest-of-5-Numbers\06.Biggest-of-5-Numbers.csproj", "{A7A31682-F032-421C-8257-0706E32CFDB6}"
EndProject
Project("{FAE04EC0-301F-11D3-BF4B-00C04F79EFBC}") = "07.Sort-Three-Numbers", "07.Sort-Three-Numbers\07.Sort-Three-Numbers.csproj", "{3D53DB02-AFA3-4D40-89A7-994F9E5BFB83}"
EndProject
Project("{FAE04EC0-301F-11D3-BF4B-00C04F79EFBC}") = "08.Digit-as-Word", "08.Digit-as-Word\08.Digit-as-Word.csproj", "{E5A5DFE0-95F8-4F42-8305-0F709B269B0D}"
EndProject
Project("{FAE04EC0-301F-11D3-BF4B-00C04F79EFBC}") = "09.Int-Double-String", "09.Int-Double-String\09.Int-Double-String.csproj", "{3D8CDD32-F13A-4877-8933-4D734D9F937A}"
EndProject
Project("{FAE04EC0-301F-11D3-BF4B-00C04F79EFBC}") = "10.Beer-Time", "10.Beer-Time\10.Beer-Time.csproj", "{7AC92091-5CE6-4EB7-AB5F-6D980457651D}"
EndProject
Project("{FAE04EC0-301F-11D3-BF4B-00C04F79EFBC}") = "11.Numbers-as-Words", "11.Numbers-as-Words\11.Numbers-as-Words.csproj", "{E1815CFC-85F8-487D-A2B2-12C419D4EFF2}"
EndProject
Project("{FAE04EC0-301F-11D3-BF4B-00C04F79EFBC}") = "12.Zero-Subset", "12.Zero-Subset\12.Zero-Subset.csproj", "{771962F3-9534-4EE2-9343-6F67B512830F}"
EndProject
Global
	GlobalSection(SolutionConfigurationPlatforms) = preSolution
		Debug|Any CPU = Debug|Any CPU
		Release|Any CPU = Release|Any CPU
	EndGlobalSection
	GlobalSection(ProjectConfigurationPlatforms) = postSolution
		{1C10678E-8DF0-48FB-93D8-A022050C77DF}.Debug|Any CPU.ActiveCfg = Debug|Any CPU
		{1C10678E-8DF0-48FB-93D8-A022050C77DF}.Debug|Any CPU.Build.0 = Debug|Any CPU
		{1C10678E-8DF0-48FB-93D8-A022050C77DF}.Release|Any CPU.ActiveCfg = Release|Any CPU
		{1C10678E-8DF0-48FB-93D8-A022050C77DF}.Release|Any CPU.Build.0 = Release|Any CPU
		{956B8BA0-0442-4F65-B01C-75BACCB39316}.Debug|Any CPU.ActiveCfg = Debug|Any CPU
		{956B8BA0-0442-4F65-B01C-75BACCB39316}.Debug|Any CPU.Build.0 = Debug|Any CPU
		{956B8BA0-0442-4F65-B01C-75BACCB39316}.Release|Any CPU.ActiveCfg = Release|Any CPU
		{956B8BA0-0442-4F65-B01C-75BACCB39316}.Release|Any CPU.Build.0 = Release|Any CPU
		{9566B9C1-EAD4-4315-810C-34401E4441A2}.Debug|Any CPU.ActiveCfg = Debug|Any CPU
		{9566B9C1-EAD4-4315-810C-34401E4441A2}.Debug|Any CPU.Build.0 = Debug|Any CPU
		{9566B9C1-EAD4-4315-810C-34401E4441A2}.Release|Any CPU.ActiveCfg = Release|Any CPU
		{9566B9C1-EAD4-4315-810C-34401E4441A2}.Release|Any CPU.Build.0 = Release|Any CPU
		{BC7382AA-86C9-417C-9732-F8FC8DECAE7C}.Debug|Any CPU.ActiveCfg = Debug|Any CPU
		{BC7382AA-86C9-417C-9732-F8FC8DECAE7C}.Debug|Any CPU.Build.0 = Debug|Any CPU
		{BC7382AA-86C9-417C-9732-F8FC8DECAE7C}.Release|Any CPU.ActiveCfg = Release|Any CPU
		{BC7382AA-86C9-417C-9732-F8FC8DECAE7C}.Release|Any CPU.Build.0 = Release|Any CPU
		{6B1CC3C7-C053-47CA-8064-8E1A03D35DCE}.Debug|Any CPU.ActiveCfg = Debug|Any CPU
		{6B1CC3C7-C053-47CA-8064-8E1A03D35DCE}.Debug|Any CPU.Build.0 = Debug|Any CPU
		{6B1CC3C7-C053-47CA-8064-8E1A03D35DCE}.Release|Any CPU.ActiveCfg = Release|Any CPU
		{6B1CC3C7-C053-47CA-8064-8E1A03D35DCE}.Release|Any CPU.Build.0 = Release|Any CPU
		{A7A31682-F032-421C-8257-0706E32CFDB6}.Debug|Any CPU.ActiveCfg = Debug|Any CPU
		{A7A31682-F032-421C-8257-0706E32CFDB6}.Debug|Any CPU.Build.0 = Debug|Any CPU
		{A7A31682-F032-421C-8257-0706E32CFDB6}.Release|Any CPU.ActiveCfg = Release|Any CPU
		{A7A31682-F032-421C-8257-0706E32CFDB6}.Release|Any CPU.Build.0 = Release|Any CPU
		{3D53DB02-AFA3-4D40-89A7-994F9E5BFB83}.Debug|Any CPU.ActiveCfg = Debug|Any CPU
		{3D53DB02-AFA3-4D40-89A7-994F9E5BFB83}.Debug|Any CPU.Build.0 = Debug|Any CPU
		{3D53DB02-AFA3-4D40-89A7-994F9E5BFB83}.Release|Any CPU.ActiveCfg = Release|Any CPU
		{3D53DB02-AFA3-4D40-89A7-994F9E5BFB83}.Release|Any CPU.Build.0 = Release|Any CPU
		{E5A5DFE0-95F8-4F42-8305-0F709B269B0D}.Debug|Any CPU.ActiveCfg = Debug|Any CPU
		{E5A5DFE0-95F8-4F42-8305-0F709B269B0D}.Debug|Any CPU.Build.0 = Debug|Any CPU
		{E5A5DFE0-95F8-4F42-8305-0F709B269B0D}.Release|Any CPU.ActiveCfg = Release|Any CPU
		{E5A5DFE0-95F8-4F42-8305-0F709B269B0D}.Release|Any CPU.Build.0 = Release|Any CPU
		{3D8CDD32-F13A-4877-8933-4D734D9F937A}.Debug|Any CPU.ActiveCfg = Debug|Any CPU
		{3D8CDD32-F13A-4877-8933-4D734D9F937A}.Debug|Any CPU.Build.0 = Debug|Any CPU
		{3D8CDD32-F13A-4877-8933-4D734D9F937A}.Release|Any CPU.ActiveCfg = Release|Any CPU
		{3D8CDD32-F13A-4877-8933-4D734D9F937A}.Release|Any CPU.Build.0 = Release|Any CPU
		{7AC92091-5CE6-4EB7-AB5F-6D980457651D}.Debug|Any CPU.ActiveCfg = Debug|Any CPU
		{7AC92091-5CE6-4EB7-AB5F-6D980457651D}.Debug|Any CPU.Build.0 = Debug|Any CPU
		{7AC92091-5CE6-4EB7-AB5F-6D980457651D}.Release|Any CPU.ActiveCfg = Release|Any CPU
		{7AC92091-5CE6-4EB7-AB5F-6D980457651D}.Release|Any CPU.Build.0 = Release|Any CPU
		{E1815CFC-85F8-487D-A2B2-12C419D4EFF2}.Debug|Any CPU.ActiveCfg = Debug|Any CPU
		{E1815CFC-85F8-487D-A2B2-12C419D4EFF2}.Debug|Any CPU.Build.0 = Debug|Any CPU
		{E1815CFC-85F8-487D-A2B2-12C419D4EFF2}.Release|Any CPU.ActiveCfg = Release|Any CPU
		{E1815CFC-85F8-487D-A2B2-12C419D4EFF2}.Release|Any CPU.Build.0 = Release|Any CPU
		{771962F3-9534-4EE2-9343-6F67B512830F}.Debug|Any CPU.ActiveCfg = Debug|Any CPU
		{771962F3-9534-4EE2-9343-6F67B512830F}.Debug|Any CPU.Build.0 = Debug|Any CPU
		{771962F3-9534-4EE2-9343-6F67B512830F}.Release|Any CPU.ActiveCfg = Release|Any CPU
		{771962F3-9534-4EE2-9343-6F67B512830F}.Release|Any CPU.Build.0 = Release|Any CPU
	EndGlobalSection
	GlobalSection(SolutionProperties) = preSolution
		HideSolutionNode = FALSE
	EndGlobalSection
EndGlobal
