
Microsoft Visual Studio Solution File, Format Version 12.00
# Visual Studio Express 2013 for Windows Desktop
VisualStudioVersion = 12.0.30723.0
MinimumVisualStudioVersion = 10.0.40219.1
Project("{FAE04EC0-301F-11D3-BF4B-00C04F79EFBC}") = "01-GalacticGPS", "01-GalacticGPS\01-GalacticGPS.csproj", "{9564E9F8-43C1-404D-8BE6-A81B8AF7F95E}"
EndProject
Project("{FAE04EC0-301F-11D3-BF4B-00C04F79EFBC}") = "02-FractionCalculator", "02-FractionCalculator\02-FractionCalculator.csproj", "{9AE7D53E-53F0-4E85-99EC-EE8A61E84A4F}"
EndProject
Project("{FAE04EC0-301F-11D3-BF4B-00C04F79EFBC}") = "03-GenericList", "03-GenericList\03-GenericList.csproj", "{87E64752-D7D4-4D6A-B46C-416E845E4A88}"
EndProject
Global
	GlobalSection(SolutionConfigurationPlatforms) = preSolution
		Debug|Any CPU = Debug|Any CPU
		Release|Any CPU = Release|Any CPU
	EndGlobalSection
	GlobalSection(ProjectConfigurationPlatforms) = postSolution
		{9564E9F8-43C1-404D-8BE6-A81B8AF7F95E}.Debug|Any CPU.ActiveCfg = Debug|Any CPU
		{9564E9F8-43C1-404D-8BE6-A81B8AF7F95E}.Debug|Any CPU.Build.0 = Debug|Any CPU
		{9564E9F8-43C1-404D-8BE6-A81B8AF7F95E}.Release|Any CPU.ActiveCfg = Release|Any CPU
		{9564E9F8-43C1-404D-8BE6-A81B8AF7F95E}.Release|Any CPU.Build.0 = Release|Any CPU
		{9AE7D53E-53F0-4E85-99EC-EE8A61E84A4F}.Debug|Any CPU.ActiveCfg = Debug|Any CPU
		{9AE7D53E-53F0-4E85-99EC-EE8A61E84A4F}.Debug|Any CPU.Build.0 = Debug|Any CPU
		{9AE7D53E-53F0-4E85-99EC-EE8A61E84A4F}.Release|Any CPU.ActiveCfg = Release|Any CPU
		{9AE7D53E-53F0-4E85-99EC-EE8A61E84A4F}.Release|Any CPU.Build.0 = Release|Any CPU
		{87E64752-D7D4-4D6A-B46C-416E845E4A88}.Debug|Any CPU.ActiveCfg = Debug|Any CPU
		{87E64752-D7D4-4D6A-B46C-416E845E4A88}.Debug|Any CPU.Build.0 = Debug|Any CPU
		{87E64752-D7D4-4D6A-B46C-416E845E4A88}.Release|Any CPU.ActiveCfg = Release|Any CPU
		{87E64752-D7D4-4D6A-B46C-416E845E4A88}.Release|Any CPU.Build.0 = Release|Any CPU
	EndGlobalSection
	GlobalSection(SolutionProperties) = preSolution
		HideSolutionNode = FALSE
	EndGlobalSection
EndGlobal
